
Microsoft Visual Studio Solution File, Format Version 12.00
# Visual Studio Version 17
VisualStudioVersion = 17.14.37314.3 d17.14
MinimumVisualStudioVersion = 10.0.40219.1
Project("{FAE04EC0-301F-11D3-BF4B-00C04F79EFBC}") = "foreachLimitationDemo", "foreachLimitationDemo\foreachLimitationDemo.csproj", "{976327F8-3BA0-4FA1-AFCE-E8149766BAF9}"
EndProject
Global
	GlobalSection(SolutionConfigurationPlatforms) = preSolution
		Debug|Any CPU = Debug|Any CPU
		Release|Any CPU = Release|Any CPU
	EndGlobalSection
	GlobalSection(ProjectConfigurationPlatforms) = postSolution
		{976327F8-3BA0-4FA1-AFCE-E8149766BAF9}.Debug|Any CPU.ActiveCfg = Debug|Any CPU
		{976327F8-3BA0-4FA1-AFCE-E8149766BAF9}.Debug|Any CPU.Build.0 = Debug|Any CPU
		{976327F8-3BA0-4FA1-AFCE-E8149766BAF9}.Release|Any CPU.ActiveCfg = Release|Any CPU
		{976327F8-3BA0-4FA1-AFCE-E8149766BAF9}.Release|Any CPU.Build.0 = Release|Any CPU
	EndGlobalSection
	GlobalSection(SolutionProperties) = preSolution
		HideSolutionNode = FALSE
	EndGlobalSection
	GlobalSection(ExtensibilityGlobals) = postSolution
		SolutionGuid = {6F9C3497-FF89-4A7A-96E4-8F68DFCA6E44}
	EndGlobalSection
EndGlobal
