
Microsoft Visual Studio Solution File, Format Version 12.00
# Visual Studio Version 17
VisualStudioVersion = 17.14.37314.3 d17.14
MinimumVisualStudioVersion = 10.0.40219.1
Project("{FAE04EC0-301F-11D3-BF4B-00C04F79EFBC}") = "CareBridge.EFCoreDemo", "CareBridge.EFCoreDemo.csproj", "{7420629D-5EA9-4210-9EE8-E13941EBD3B4}"
EndProject
Project("{FAE04EC0-301F-11D3-BF4B-00C04F79EFBC}") = "CareBridge.API", "..\CareBridge.API\CareBridge.API.csproj", "{9777EEE1-059A-4300-9445-0F696E68F82E}"
EndProject
Global
	GlobalSection(SolutionConfigurationPlatforms) = preSolution
		Debug|Any CPU = Debug|Any CPU
		Release|Any CPU = Release|Any CPU
	EndGlobalSection
	GlobalSection(ProjectConfigurationPlatforms) = postSolution
		{7420629D-5EA9-4210-9EE8-E13941EBD3B4}.Debug|Any CPU.ActiveCfg = Debug|Any CPU
		{7420629D-5EA9-4210-9EE8-E13941EBD3B4}.Debug|Any CPU.Build.0 = Debug|Any CPU
		{7420629D-5EA9-4210-9EE8-E13941EBD3B4}.Release|Any CPU.ActiveCfg = Release|Any CPU
		{7420629D-5EA9-4210-9EE8-E13941EBD3B4}.Release|Any CPU.Build.0 = Release|Any CPU
		{9777EEE1-059A-4300-9445-0F696E68F82E}.Debug|Any CPU.ActiveCfg = Debug|Any CPU
		{9777EEE1-059A-4300-9445-0F696E68F82E}.Debug|Any CPU.Build.0 = Debug|Any CPU
		{9777EEE1-059A-4300-9445-0F696E68F82E}.Release|Any CPU.ActiveCfg = Release|Any CPU
		{9777EEE1-059A-4300-9445-0F696E68F82E}.Release|Any CPU.Build.0 = Release|Any CPU
	EndGlobalSection
	GlobalSection(SolutionProperties) = preSolution
		HideSolutionNode = FALSE
	EndGlobalSection
	GlobalSection(ExtensibilityGlobals) = postSolution
		SolutionGuid = {87D0B45B-9EED-45C6-BFBB-80591E907A58}
	EndGlobalSection
EndGlobal
